{
  "name": "ASM_shopping_app",
  "lockfileVersion": 2,
  "requires": true,
  "packages": {
    "": {
      "dependencies": {
        "ripple-js": "^1.4.4"
      }
    },
    "node_modules/ripple-js": {
      "version": "1.4.4",
      "resolved": "https://registry.npmjs.org/ripple-js/-/ripple-js-1.4.4.tgz",
      "integrity": "sha512-vobUx5xAF7u1k+jfrfI8aNWnikGTkVYK+3fpCOQjqg7P8/4gcUtydIsv+p8vidilHbaaTsT4OUMBhY/cndLCmg=="
    }
  },
  "dependencies": {
    "ripple-js": {
      "version": "1.4.4",
      "resolved": "https://registry.npmjs.org/ripple-js/-/ripple-js-1.4.4.tgz",
      "integrity": "sha512-vobUx5xAF7u1k+jfrfI8aNWnikGTkVYK+3fpCOQjqg7P8/4gcUtydIsv+p8vidilHbaaTsT4OUMBhY/cndLCmg=="
    }
  }
}
